
Microsoft Visual Studio Solution File, Format Version 12.00
# Visual Studio Version 16
VisualStudioVersion = 16.0.28803.352
MinimumVisualStudioVersion = 10.0.40219.1
Project("{9A19103F-16F7-4668-BE54-9A1E7A4F7556}") = "StudioGhibliExplorer", "StudioGhibliExplorer\StudioGhibliExplorer.csproj", "{6779D9C4-0849-4BA0-A027-BA8C62952012}"
EndProject
Project("{9A19103F-16F7-4668-BE54-9A1E7A4F7556}") = "StudioGhibliApi", "StudioGhibliApi\StudioGhibliApi.csproj", "{FEF2907F-2555-4B73-B26E-5303A408369C}"
EndProject
Project("{2150E333-8FDC-42A3-9474-1A3956D46DE8}") = "Solution Items", "Solution Items", "{C568382C-0CC1-44E0-B868-C0C1801B2F42}"
	ProjectSection(SolutionItems) = preProject
		ReadMe.md = ReadMe.md
	EndProjectSection
EndProject
Project("{2150E333-8FDC-42A3-9474-1A3956D46DE8}") = "Studio Ghibli API", "Studio Ghibli API", "{31A6FADB-B4BB-4C11-8FEF-47432AF16D8F}"
EndProject
Project("{2150E333-8FDC-42A3-9474-1A3956D46DE8}") = "Studio Ghibli Explorer", "Studio Ghibli Explorer", "{93413FDA-FA77-43FA-BE86-A1B79B77E460}"
EndProject
Project("{9A19103F-16F7-4668-BE54-9A1E7A4F7556}") = "StudioGhibliApi.Tests", "StudioGhibliAPI.Tests\StudioGhibliApi.Tests.csproj", "{60B06213-8F1B-442D-B210-CFACD51A2C18}"
EndProject
Project("{9A19103F-16F7-4668-BE54-9A1E7A4F7556}") = "StudioGhibliExplorer.Tests", "StudioGhibliExplorer.Tests\StudioGhibliExplorer.Tests.csproj", "{8535E003-D405-40FC-9051-A6A78346CA46}"
EndProject
Global
	GlobalSection(SolutionConfigurationPlatforms) = preSolution
		Debug|Any CPU = Debug|Any CPU
		Release|Any CPU = Release|Any CPU
	EndGlobalSection
	GlobalSection(ProjectConfigurationPlatforms) = postSolution
		{6779D9C4-0849-4BA0-A027-BA8C62952012}.Debug|Any CPU.ActiveCfg = Debug|Any CPU
		{6779D9C4-0849-4BA0-A027-BA8C62952012}.Debug|Any CPU.Build.0 = Debug|Any CPU
		{6779D9C4-0849-4BA0-A027-BA8C62952012}.Release|Any CPU.ActiveCfg = Release|Any CPU
		{6779D9C4-0849-4BA0-A027-BA8C62952012}.Release|Any CPU.Build.0 = Release|Any CPU
		{FEF2907F-2555-4B73-B26E-5303A408369C}.Debug|Any CPU.ActiveCfg = Debug|Any CPU
		{FEF2907F-2555-4B73-B26E-5303A408369C}.Debug|Any CPU.Build.0 = Debug|Any CPU
		{FEF2907F-2555-4B73-B26E-5303A408369C}.Release|Any CPU.ActiveCfg = Release|Any CPU
		{FEF2907F-2555-4B73-B26E-5303A408369C}.Release|Any CPU.Build.0 = Release|Any CPU
		{60B06213-8F1B-442D-B210-CFACD51A2C18}.Debug|Any CPU.ActiveCfg = Debug|Any CPU
		{60B06213-8F1B-442D-B210-CFACD51A2C18}.Debug|Any CPU.Build.0 = Debug|Any CPU
		{60B06213-8F1B-442D-B210-CFACD51A2C18}.Release|Any CPU.ActiveCfg = Release|Any CPU
		{60B06213-8F1B-442D-B210-CFACD51A2C18}.Release|Any CPU.Build.0 = Release|Any CPU
		{8535E003-D405-40FC-9051-A6A78346CA46}.Debug|Any CPU.ActiveCfg = Debug|Any CPU
		{8535E003-D405-40FC-9051-A6A78346CA46}.Debug|Any CPU.Build.0 = Debug|Any CPU
		{8535E003-D405-40FC-9051-A6A78346CA46}.Release|Any CPU.ActiveCfg = Release|Any CPU
		{8535E003-D405-40FC-9051-A6A78346CA46}.Release|Any CPU.Build.0 = Release|Any CPU
	EndGlobalSection
	GlobalSection(SolutionProperties) = preSolution
		HideSolutionNode = FALSE
	EndGlobalSection
	GlobalSection(NestedProjects) = preSolution
		{6779D9C4-0849-4BA0-A027-BA8C62952012} = {93413FDA-FA77-43FA-BE86-A1B79B77E460}
		{FEF2907F-2555-4B73-B26E-5303A408369C} = {31A6FADB-B4BB-4C11-8FEF-47432AF16D8F}
		{60B06213-8F1B-442D-B210-CFACD51A2C18} = {31A6FADB-B4BB-4C11-8FEF-47432AF16D8F}
		{8535E003-D405-40FC-9051-A6A78346CA46} = {93413FDA-FA77-43FA-BE86-A1B79B77E460}
	EndGlobalSection
	GlobalSection(ExtensibilityGlobals) = postSolution
		SolutionGuid = {F99BF557-343A-4333-93B5-F85BE9FA893B}
	EndGlobalSection
EndGlobal
